# This file is autogenerated, do not edit; changes may be undone by the next 'dep ensure'.


[[projects]]
  name = "github.com/nlopes/slack"
  packages = ["."]
  revision = "c86337c0ef2486a15edd804355d9c73d2f2caed1"
  version = "v0.1.0"

[[projects]]
  name = "github.com/sirupsen/logrus"
  packages = ["."]
  revision = "f006c2ac4710855cf0f916dd6b77acf6b048dc6e"
  version = "v1.0.3"

[[projects]]
  name = "golang.org/x/crypto"
  packages = ["ssh/terminal"]
  revision = "9419663f5a44be8b34ca85f08abc5fe1be11f8a3"

[[projects]]
  name = "golang.org/x/net"
  packages = ["websocket"]
  revision = "a04bdaca5b32abe1c069418fb7088ae607de5bd0"

[[projects]]
  name = "golang.org/x/sys"
  packages = ["unix","windows"]
  revision = "c4489faa6e5ab84c0ef40d6ee878f7a030281f0f"

[solve-meta]
  analyzer-name = "dep"
  analyzer-version = 1
  inputs-digest = "3fe38a04eaf337f6a4a85b7c5754962d3d547bdde6f68b34cda5e782deeeaf0a"
  solver-name = "gps-cdcl"
  solver-version = 1
